
Microsoft Visual Studio Solution File, Format Version 12.00
# Visual Studio Version 17
VisualStudioVersion = 17.11.35219.272
MinimumVisualStudioVersion = 10.0.40219.1
Project("{9A19103F-16F7-4668-BE54-9A1E7A4F7556}") = "YTDownload.API", "YTDownload\YTDownload.API.csproj", "{D5FB64A5-32C6-4358-ADE5-77079EF83A23}"
EndProject
Project("{9A19103F-16F7-4668-BE54-9A1E7A4F7556}") = "YTDownload.Application", "Application\YTDownload.Application.csproj", "{C439AEF6-32C7-4599-B381-9F74C20128E2}"
EndProject
Project("{E53339B2-1760-4266-BCC7-CA923CBCF16C}") = "docker-compose", "docker-compose.dcproj", "{52C2C533-838C-40F1-972C-FFE74F2225F3}"
EndProject
Project("{9A19103F-16F7-4668-BE54-9A1E7A4F7556}") = "YTDownload.App", "WindowsApp\YTDownload.App.csproj", "{1C57416B-5776-451D-B9F6-DD9DF282AD1C}"
EndProject
Project("{2150E333-8FDC-42A3-9474-1A3956D46DE8}") = "Solution Items", "Solution Items", "{0790F83D-CB71-48BE-8181-0C9D8F164541}"
	ProjectSection(SolutionItems) = preProject
		.editorconfig = .editorconfig
	EndProjectSection
EndProject
Project("{FAE04EC0-301F-11D3-BF4B-00C04F79EFBC}") = "YTDownload.CrossCutting", "YTDownload.CrossCutting\YTDownload.CrossCutting.csproj", "{69F1CDCB-BE9E-482D-A936-5D8B0E392C0A}"
EndProject
Project("{FAE04EC0-301F-11D3-BF4B-00C04F79EFBC}") = "YTDownload.Front", "YTDownload.Front\YTDownload.Front.csproj", "{D2331CAD-DDD2-4B18-B251-CC8137B5A170}"
EndProject
Global
	GlobalSection(SolutionConfigurationPlatforms) = preSolution
		Debug|Any CPU = Debug|Any CPU
		Release|Any CPU = Release|Any CPU
	EndGlobalSection
	GlobalSection(ProjectConfigurationPlatforms) = postSolution
		{D5FB64A5-32C6-4358-ADE5-77079EF83A23}.Debug|Any CPU.ActiveCfg = Debug|Any CPU
		{D5FB64A5-32C6-4358-ADE5-77079EF83A23}.Debug|Any CPU.Build.0 = Debug|Any CPU
		{D5FB64A5-32C6-4358-ADE5-77079EF83A23}.Release|Any CPU.ActiveCfg = Release|Any CPU
		{D5FB64A5-32C6-4358-ADE5-77079EF83A23}.Release|Any CPU.Build.0 = Release|Any CPU
		{C439AEF6-32C7-4599-B381-9F74C20128E2}.Debug|Any CPU.ActiveCfg = Debug|Any CPU
		{C439AEF6-32C7-4599-B381-9F74C20128E2}.Debug|Any CPU.Build.0 = Debug|Any CPU
		{C439AEF6-32C7-4599-B381-9F74C20128E2}.Release|Any CPU.ActiveCfg = Release|Any CPU
		{C439AEF6-32C7-4599-B381-9F74C20128E2}.Release|Any CPU.Build.0 = Release|Any CPU
		{52C2C533-838C-40F1-972C-FFE74F2225F3}.Debug|Any CPU.ActiveCfg = Debug|Any CPU
		{52C2C533-838C-40F1-972C-FFE74F2225F3}.Debug|Any CPU.Build.0 = Debug|Any CPU
		{52C2C533-838C-40F1-972C-FFE74F2225F3}.Release|Any CPU.ActiveCfg = Release|Any CPU
		{52C2C533-838C-40F1-972C-FFE74F2225F3}.Release|Any CPU.Build.0 = Release|Any CPU
		{1C57416B-5776-451D-B9F6-DD9DF282AD1C}.Debug|Any CPU.ActiveCfg = Debug|Any CPU
		{1C57416B-5776-451D-B9F6-DD9DF282AD1C}.Debug|Any CPU.Build.0 = Debug|Any CPU
		{1C57416B-5776-451D-B9F6-DD9DF282AD1C}.Release|Any CPU.ActiveCfg = Release|Any CPU
		{1C57416B-5776-451D-B9F6-DD9DF282AD1C}.Release|Any CPU.Build.0 = Release|Any CPU
		{69F1CDCB-BE9E-482D-A936-5D8B0E392C0A}.Debug|Any CPU.ActiveCfg = Debug|Any CPU
		{69F1CDCB-BE9E-482D-A936-5D8B0E392C0A}.Debug|Any CPU.Build.0 = Debug|Any CPU
		{69F1CDCB-BE9E-482D-A936-5D8B0E392C0A}.Release|Any CPU.ActiveCfg = Release|Any CPU
		{69F1CDCB-BE9E-482D-A936-5D8B0E392C0A}.Release|Any CPU.Build.0 = Release|Any CPU
		{D2331CAD-DDD2-4B18-B251-CC8137B5A170}.Debug|Any CPU.ActiveCfg = Debug|Any CPU
		{D2331CAD-DDD2-4B18-B251-CC8137B5A170}.Debug|Any CPU.Build.0 = Debug|Any CPU
		{D2331CAD-DDD2-4B18-B251-CC8137B5A170}.Release|Any CPU.ActiveCfg = Release|Any CPU
		{D2331CAD-DDD2-4B18-B251-CC8137B5A170}.Release|Any CPU.Build.0 = Release|Any CPU
	EndGlobalSection
	GlobalSection(SolutionProperties) = preSolution
		HideSolutionNode = FALSE
	EndGlobalSection
	GlobalSection(ExtensibilityGlobals) = postSolution
		SolutionGuid = {F671C038-0DB8-4E97-B89F-B3F0C09DCCDD}
	EndGlobalSection
EndGlobal
